
Microsoft Visual Studio Solution File, Format Version 12.00
# Visual Studio Version 16
VisualStudioVersion = 16.0.30621.155
MinimumVisualStudioVersion = 10.0.40219.1
Project("{FAE04EC0-301F-11D3-BF4B-00C04F79EFBC}") = "RazorPagesMovie", "RazorPagesMovie\RazorPagesMovie.csproj", "{C3FDC462-FA9D-4275-BD61-9DE6FEF1D1EB}"
EndProject
Global
	GlobalSection(SolutionConfigurationPlatforms) = preSolution
		Debug|Any CPU = Debug|Any CPU
		Release|Any CPU = Release|Any CPU
	EndGlobalSection
	GlobalSection(ProjectConfigurationPlatforms) = postSolution
		{C3FDC462-FA9D-4275-BD61-9DE6FEF1D1EB}.Debug|Any CPU.ActiveCfg = Debug|Any CPU
		{C3FDC462-FA9D-4275-BD61-9DE6FEF1D1EB}.Debug|Any CPU.Build.0 = Debug|Any CPU
		{C3FDC462-FA9D-4275-BD61-9DE6FEF1D1EB}.Release|Any CPU.ActiveCfg = Release|Any CPU
		{C3FDC462-FA9D-4275-BD61-9DE6FEF1D1EB}.Release|Any CPU.Build.0 = Release|Any CPU
	EndGlobalSection
	GlobalSection(SolutionProperties) = preSolution
		HideSolutionNode = FALSE
	EndGlobalSection
	GlobalSection(ExtensibilityGlobals) = postSolution
		SolutionGuid = {F4D69DA4-1DDF-4813-867B-186E695F2933}
	EndGlobalSection
EndGlobal
